// !$*UTF8*$!
{
	archiveVersion = 1;
	classes = {
	};
	objectVersion = 56;
	objects = {

/* Begin PBXBuildFile section */
		244E5E212AA07C670022DD79 /* FirebaseAuth in Frameworks */ = {isa = PBXBuildFile; productRef = 244E5E202AA07C670022DD79 /* FirebaseAuth */; };
		244E5E232AA07C670022DD79 /* FirebaseDatabase in Frameworks */ = {isa = PBXBuildFile; productRef = 244E5E222AA07C670022DD79 /* FirebaseDatabase */; };
		244E5E252AA07C670022DD79 /* FirebaseFirestore in Frameworks */ = {isa = PBXBuildFile; productRef = 244E5E242AA07C670022DD79 /* FirebaseFirestore */; };
		244E5E272AA07C670022DD79 /* FirebaseStorage in Frameworks */ = {isa = PBXBuildFile; productRef = 244E5E262AA07C670022DD79 /* FirebaseStorage */; };
		245501772AA836010089A1D4 /* PostService.swift in Sources */ = {isa = PBXBuildFile; fileRef = 245501762AA836010089A1D4 /* PostService.swift */; };
		2455017A2AA839FF0089A1D4 /* JGProgressHUD in Frameworks */ = {isa = PBXBuildFile; productRef = 245501792AA839FF0089A1D4 /* JGProgressHUD */; };
		2455017C2AA83BEB0089A1D4 /* Post.swift in Sources */ = {isa = PBXBuildFile; fileRef = 2455017B2AA83BEB0089A1D4 /* Post.swift */; };
		2455017E2AA841EE0089A1D4 /* PostViewModel.swift in Sources */ = {isa = PBXBuildFile; fileRef = 2455017D2AA841EE0089A1D4 /* PostViewModel.swift */; };
		248CA09F2A9A6074007D543A /* AuthenticationViewModel.swift in Sources */ = {isa = PBXBuildFile; fileRef = 248CA09E2A9A6074007D543A /* AuthenticationViewModel.swift */; };
		248CA0A12A9DB8F1007D543A /* GoogleService-Info.plist in Resources */ = {isa = PBXBuildFile; fileRef = 248CA0A02A9DB8F1007D543A /* GoogleService-Info.plist */; };
		248CA0A82A9DBECC007D543A /* ImageUploader.swift in Sources */ = {isa = PBXBuildFile; fileRef = 248CA0A72A9DBECC007D543A /* ImageUploader.swift */; };
		248CA0AA2A9DBED4007D543A /* AuthService.swift in Sources */ = {isa = PBXBuildFile; fileRef = 248CA0A92A9DBED4007D543A /* AuthService.swift */; };
		24D82BEE2A948A0300A2A2CB /* LoginController.swift in Sources */ = {isa = PBXBuildFile; fileRef = 24D82BED2A948A0300A2A2CB /* LoginController.swift */; };
		24D82BF02A948A0D00A2A2CB /* RegistrationController.swift in Sources */ = {isa = PBXBuildFile; fileRef = 24D82BEF2A948A0D00A2A2CB /* RegistrationController.swift */; };
		24D82BF22A948F5000A2A2CB /* CustomTextField.swift in Sources */ = {isa = PBXBuildFile; fileRef = 24D82BF12A948F5000A2A2CB /* CustomTextField.swift */; };
		24E955AE2AA379C5001E776A /* ProfileCell.swift in Sources */ = {isa = PBXBuildFile; fileRef = 24E955AD2AA379C5001E776A /* ProfileCell.swift */; };
		24E955B02AA379D1001E776A /* ProfileHeader.swift in Sources */ = {isa = PBXBuildFile; fileRef = 24E955AF2AA379D1001E776A /* ProfileHeader.swift */; };
		24E955B32AA4EEA9001E776A /* UserService.swift in Sources */ = {isa = PBXBuildFile; fileRef = 24E955B22AA4EEA9001E776A /* UserService.swift */; };
		24E955B52AA4EECD001E776A /* Constants.swift in Sources */ = {isa = PBXBuildFile; fileRef = 24E955B42AA4EECD001E776A /* Constants.swift */; };
		24E955B72AA4F038001E776A /* User.swift in Sources */ = {isa = PBXBuildFile; fileRef = 24E955B62AA4F038001E776A /* User.swift */; };
		24E955B92AA4F264001E776A /* ProfileHeaderViewModel.swift in Sources */ = {isa = PBXBuildFile; fileRef = 24E955B82AA4F264001E776A /* ProfileHeaderViewModel.swift */; };
		24E955BC2AA4F849001E776A /* SDWebImage in Frameworks */ = {isa = PBXBuildFile; productRef = 24E955BB2AA4F849001E776A /* SDWebImage */; };
		24E955BE2AA645B4001E776A /* UserCell.swift in Sources */ = {isa = PBXBuildFile; fileRef = 24E955BD2AA645B4001E776A /* UserCell.swift */; };
		24E955C02AA65B45001E776A /* UserCellViewModel.swift in Sources */ = {isa = PBXBuildFile; fileRef = 24E955BF2AA65B45001E776A /* UserCellViewModel.swift */; };
		24E955C62AA6CC97001E776A /* YPImagePicker in Frameworks */ = {isa = PBXBuildFile; productRef = 24E955C52AA6CC97001E776A /* YPImagePicker */; };
		24E955C82AA6DE14001E776A /* UploadPostController.swift in Sources */ = {isa = PBXBuildFile; fileRef = 24E955C72AA6DE14001E776A /* UploadPostController.swift */; };
		24E955CA2AA6E06E001E776A /* InputTextView.swift in Sources */ = {isa = PBXBuildFile; fileRef = 24E955C92AA6E06E001E776A /* InputTextView.swift */; };
		24F658B02A92CDB7002D97E3 /* AppDelegate.swift in Sources */ = {isa = PBXBuildFile; fileRef = 24F658AF2A92CDB7002D97E3 /* AppDelegate.swift */; };
		24F658B22A92CDB7002D97E3 /* SceneDelegate.swift in Sources */ = {isa = PBXBuildFile; fileRef = 24F658B12A92CDB7002D97E3 /* SceneDelegate.swift */; };
		24F658B42A92CDB7002D97E3 /* ViewController.swift in Sources */ = {isa = PBXBuildFile; fileRef = 24F658B32A92CDB7002D97E3 /* ViewController.swift */; };
		24F658B72A92CDB7002D97E3 /* Main.storyboard in Resources */ = {isa = PBXBuildFile; fileRef = 24F658B52A92CDB7002D97E3 /* Main.storyboard */; };
		24F658B92A92CDB8002D97E3 /* Assets.xcassets in Resources */ = {isa = PBXBuildFile; fileRef = 24F658B82A92CDB8002D97E3 /* Assets.xcassets */; };
		24F658BC2A92CDB8002D97E3 /* LaunchScreen.storyboard in Resources */ = {isa = PBXBuildFile; fileRef = 24F658BA2A92CDB8002D97E3 /* LaunchScreen.storyboard */; };
		24F658CE2A92CEE0002D97E3 /* MainTabController.swift in Sources */ = {isa = PBXBuildFile; fileRef = 24F658CD2A92CEE0002D97E3 /* MainTabController.swift */; };
		24F658D02A92D68F002D97E3 /* FeedController.swift in Sources */ = {isa = PBXBuildFile; fileRef = 24F658CF2A92D68F002D97E3 /* FeedController.swift */; };
		24F658D22A92D697002D97E3 /* SearchController.swift in Sources */ = {isa = PBXBuildFile; fileRef = 24F658D12A92D697002D97E3 /* SearchController.swift */; };
		24F658D42A92D6A7002D97E3 /* ImageSelectorController.swift in Sources */ = {isa = PBXBuildFile; fileRef = 24F658D32A92D6A7002D97E3 /* ImageSelectorController.swift */; };
		24F658D62A92D6B1002D97E3 /* NotificationsController.swift in Sources */ = {isa = PBXBuildFile; fileRef = 24F658D52A92D6B1002D97E3 /* NotificationsController.swift */; };
		24F658D82A92D6BA002D97E3 /* ProfileController.swift in Sources */ = {isa = PBXBuildFile; fileRef = 24F658D72A92D6BA002D97E3 /* ProfileController.swift */; };
		24F658DA2A92E008002D97E3 /* FeedCell.swift in Sources */ = {isa = PBXBuildFile; fileRef = 24F658D92A92E008002D97E3 /* FeedCell.swift */; };
		24F658DC2A92E0BD002D97E3 /* Extensions.swift in Sources */ = {isa = PBXBuildFile; fileRef = 24F658DB2A92E0BD002D97E3 /* Extensions.swift */; };
/* End PBXBuildFile section */

/* Begin PBXFileReference section */
		245501762AA836010089A1D4 /* PostService.swift */ = {isa = PBXFileReference; lastKnownFileType = sourcecode.swift; path = PostService.swift; sourceTree = "<group>"; };
		2455017B2AA83BEB0089A1D4 /* Post.swift */ = {isa = PBXFileReference; lastKnownFileType = sourcecode.swift; path = Post.swift; sourceTree = "<group>"; };
		2455017D2AA841EE0089A1D4 /* PostViewModel.swift */ = {isa = PBXFileReference; lastKnownFileType = sourcecode.swift; path = PostViewModel.swift; sourceTree = "<group>"; };
		248CA09E2A9A6074007D543A /* AuthenticationViewModel.swift */ = {isa = PBXFileReference; lastKnownFileType = sourcecode.swift; path = AuthenticationViewModel.swift; sourceTree = "<group>"; };
		248CA0A02A9DB8F1007D543A /* GoogleService-Info.plist */ = {isa = PBXFileReference; lastKnownFileType = text.plist; path = "GoogleService-Info.plist"; sourceTree = SOURCE_ROOT; };
		248CA0A72A9DBECC007D543A /* ImageUploader.swift */ = {isa = PBXFileReference; lastKnownFileType = sourcecode.swift; path = ImageUploader.swift; sourceTree = "<group>"; };
		248CA0A92A9DBED4007D543A /* AuthService.swift */ = {isa = PBXFileReference; lastKnownFileType = sourcecode.swift; path = AuthService.swift; sourceTree = "<group>"; };
		24D82BED2A948A0300A2A2CB /* LoginController.swift */ = {isa = PBXFileReference; lastKnownFileType = sourcecode.swift; path = LoginController.swift; sourceTree = "<group>"; };
		24D82BEF2A948A0D00A2A2CB /* RegistrationController.swift */ = {isa = PBXFileReference; lastKnownFileType = sourcecode.swift; path = RegistrationController.swift; sourceTree = "<group>"; };
		24D82BF12A948F5000A2A2CB /* CustomTextField.swift */ = {isa = PBXFileReference; lastKnownFileType = sourcecode.swift; path = CustomTextField.swift; sourceTree = "<group>"; };
		24E955AD2AA379C5001E776A /* ProfileCell.swift */ = {isa = PBXFileReference; lastKnownFileType = sourcecode.swift; path = ProfileCell.swift; sourceTree = "<group>"; };
		24E955AF2AA379D1001E776A /* ProfileHeader.swift */ = {isa = PBXFileReference; lastKnownFileType = sourcecode.swift; path = ProfileHeader.swift; sourceTree = "<group>"; };
		24E955B22AA4EEA9001E776A /* UserService.swift */ = {isa = PBXFileReference; lastKnownFileType = sourcecode.swift; path = UserService.swift; sourceTree = "<group>"; };
		24E955B42AA4EECD001E776A /* Constants.swift */ = {isa = PBXFileReference; lastKnownFileType = sourcecode.swift; path = Constants.swift; sourceTree = "<group>"; };
		24E955B62AA4F038001E776A /* User.swift */ = {isa = PBXFileReference; lastKnownFileType = sourcecode.swift; path = User.swift; sourceTree = "<group>"; };
		24E955B82AA4F264001E776A /* ProfileHeaderViewModel.swift */ = {isa = PBXFileReference; lastKnownFileType = sourcecode.swift; path = ProfileHeaderViewModel.swift; sourceTree = "<group>"; };
		24E955BD2AA645B4001E776A /* UserCell.swift */ = {isa = PBXFileReference; lastKnownFileType = sourcecode.swift; path = UserCell.swift; sourceTree = "<group>"; };
		24E955BF2AA65B45001E776A /* UserCellViewModel.swift */ = {isa = PBXFileReference; lastKnownFileType = sourcecode.swift; path = UserCellViewModel.swift; sourceTree = "<group>"; };
		24E955C72AA6DE14001E776A /* UploadPostController.swift */ = {isa = PBXFileReference; lastKnownFileType = sourcecode.swift; path = UploadPostController.swift; sourceTree = "<group>"; };
		24E955C92AA6E06E001E776A /* InputTextView.swift */ = {isa = PBXFileReference; lastKnownFileType = sourcecode.swift; path = InputTextView.swift; sourceTree = "<group>"; };
		24F658AC2A92CDB7002D97E3 /* InstagramFirestoreTutorial.app */ = {isa = PBXFileReference; explicitFileType = wrapper.application; includeInIndex = 0; path = InstagramFirestoreTutorial.app; sourceTree = BUILT_PRODUCTS_DIR; };
		24F658AF2A92CDB7002D97E3 /* AppDelegate.swift */ = {isa = PBXFileReference; lastKnownFileType = sourcecode.swift; path = AppDelegate.swift; sourceTree = "<group>"; };
		24F658B12A92CDB7002D97E3 /* SceneDelegate.swift */ = {isa = PBXFileReference; lastKnownFileType = sourcecode.swift; path = SceneDelegate.swift; sourceTree = "<group>"; };
		24F658B32A92CDB7002D97E3 /* ViewController.swift */ = {isa = PBXFileReference; lastKnownFileType = sourcecode.swift; path = ViewController.swift; sourceTree = "<group>"; };
		24F658B62A92CDB7002D97E3 /* Base */ = {isa = PBXFileReference; lastKnownFileType = file.storyboard; name = Base; path = Base.lproj/Main.storyboard; sourceTree = "<group>"; };
		24F658B82A92CDB8002D97E3 /* Assets.xcassets */ = {isa = PBXFileReference; lastKnownFileType = folder.assetcatalog; path = Assets.xcassets; sourceTree = "<group>"; };
		24F658BB2A92CDB8002D97E3 /* Base */ = {isa = PBXFileReference; lastKnownFileType = file.storyboard; name = Base; path = Base.lproj/LaunchScreen.storyboard; sourceTree = "<group>"; };
		24F658BD2A92CDB8002D97E3 /* Info.plist */ = {isa = PBXFileReference; lastKnownFileType = text.plist.xml; path = Info.plist; sourceTree = "<group>"; };
		24F658CD2A92CEE0002D97E3 /* MainTabController.swift */ = {isa = PBXFileReference; lastKnownFileType = sourcecode.swift; path = MainTabController.swift; sourceTree = "<group>"; };
		24F658CF2A92D68F002D97E3 /* FeedController.swift */ = {isa = PBXFileReference; lastKnownFileType = sourcecode.swift; path = FeedController.swift; sourceTree = "<group>"; };
		24F658D12A92D697002D97E3 /* SearchController.swift */ = {isa = PBXFileReference; lastKnownFileType = sourcecode.swift; path = SearchController.swift; sourceTree = "<group>"; };
		24F658D32A92D6A7002D97E3 /* ImageSelectorController.swift */ = {isa = PBXFileReference; lastKnownFileType = sourcecode.swift; path = ImageSelectorController.swift; sourceTree = "<group>"; };
		24F658D52A92D6B1002D97E3 /* NotificationsController.swift */ = {isa = PBXFileReference; lastKnownFileType = sourcecode.swift; path = NotificationsController.swift; sourceTree = "<group>"; };
		24F658D72A92D6BA002D97E3 /* ProfileController.swift */ = {isa = PBXFileReference; lastKnownFileType = sourcecode.swift; path = ProfileController.swift; sourceTree = "<group>"; };
		24F658D92A92E008002D97E3 /* FeedCell.swift */ = {isa = PBXFileReference; lastKnownFileType = sourcecode.swift; path = FeedCell.swift; sourceTree = "<group>"; };
		24F658DB2A92E0BD002D97E3 /* Extensions.swift */ = {isa = PBXFileReference; lastKnownFileType = sourcecode.swift; path = Extensions.swift; sourceTree = "<group>"; };
/* End PBXFileReference section */

/* Begin PBXFrameworksBuildPhase section */
		24F658A92A92CDB7002D97E3 /* Frameworks */ = {
			isa = PBXFrameworksBuildPhase;
			buildActionMask = 2147483647;
			files = (
				244E5E232AA07C670022DD79 /* FirebaseDatabase in Frameworks */,
				2455017A2AA839FF0089A1D4 /* JGProgressHUD in Frameworks */,
				24E955C62AA6CC97001E776A /* YPImagePicker in Frameworks */,
				244E5E272AA07C670022DD79 /* FirebaseStorage in Frameworks */,
				244E5E212AA07C670022DD79 /* FirebaseAuth in Frameworks */,
				244E5E252AA07C670022DD79 /* FirebaseFirestore in Frameworks */,
				24E955BC2AA4F849001E776A /* SDWebImage in Frameworks */,
			);
			runOnlyForDeploymentPostprocessing = 0;
		};
/* End PBXFrameworksBuildPhase section */

/* Begin PBXGroup section */
		24D82BEC2A9489C200A2A2CB /* Authentication */ = {
			isa = PBXGroup;
			children = (
				24D82BED2A948A0300A2A2CB /* LoginController.swift */,
				24D82BEF2A948A0D00A2A2CB /* RegistrationController.swift */,
			);
			path = Authentication;
			sourceTree = "<group>";
		};
		24E955B12AA379E5001E776A /* Profile */ = {
			isa = PBXGroup;
			children = (
				24E955AD2AA379C5001E776A /* ProfileCell.swift */,
				24E955AF2AA379D1001E776A /* ProfileHeader.swift */,
			);
			path = Profile;
			sourceTree = "<group>";
		};
		24F658A32A92CDB7002D97E3 = {
			isa = PBXGroup;
			children = (
				24F658AE2A92CDB7002D97E3 /* InstagramFirestoreTutorial */,
				24F658AD2A92CDB7002D97E3 /* Products */,
			);
			sourceTree = "<group>";
		};
		24F658AD2A92CDB7002D97E3 /* Products */ = {
			isa = PBXGroup;
			children = (
				24F658AC2A92CDB7002D97E3 /* InstagramFirestoreTutorial.app */,
			);
			name = Products;
			sourceTree = "<group>";
		};
		24F658AE2A92CDB7002D97E3 /* InstagramFirestoreTutorial */ = {
			isa = PBXGroup;
			children = (
				24F658CC2A92CE25002D97E3 /* Model */,
				24F658CB2A92CE24002D97E3 /* View */,
				24F658CA2A92CE21002D97E3 /* ViewModel */,
				24F658C92A92CE1F002D97E3 /* Controller */,
				24F658C62A92CE19002D97E3 /* API */,
				24F658C32A92CE0B002D97E3 /* Utils */,
				24F658AF2A92CDB7002D97E3 /* AppDelegate.swift */,
				24F658B12A92CDB7002D97E3 /* SceneDelegate.swift */,
				24F658B32A92CDB7002D97E3 /* ViewController.swift */,
				24F658B52A92CDB7002D97E3 /* Main.storyboard */,
				24F658B82A92CDB8002D97E3 /* Assets.xcassets */,
				24F658BA2A92CDB8002D97E3 /* LaunchScreen.storyboard */,
				24F658BD2A92CDB8002D97E3 /* Info.plist */,
				248CA0A02A9DB8F1007D543A /* GoogleService-Info.plist */,
			);
			path = InstagramFirestoreTutorial;
			sourceTree = "<group>";
		};
		24F658C32A92CE0B002D97E3 /* Utils */ = {
			isa = PBXGroup;
			children = (
				24F658DB2A92E0BD002D97E3 /* Extensions.swift */,
				24E955B42AA4EECD001E776A /* Constants.swift */,
				24E955C92AA6E06E001E776A /* InputTextView.swift */,
			);
			path = Utils;
			sourceTree = "<group>";
		};
		24F658C62A92CE19002D97E3 /* API */ = {
			isa = PBXGroup;
			children = (
				248CA0A72A9DBECC007D543A /* ImageUploader.swift */,
				248CA0A92A9DBED4007D543A /* AuthService.swift */,
				24E955B22AA4EEA9001E776A /* UserService.swift */,
				245501762AA836010089A1D4 /* PostService.swift */,
			);
			path = API;
			sourceTree = "<group>";
		};
		24F658C92A92CE1F002D97E3 /* Controller */ = {
			isa = PBXGroup;
			children = (
				24D82BEC2A9489C200A2A2CB /* Authentication */,
				24F658CD2A92CEE0002D97E3 /* MainTabController.swift */,
				24F658CF2A92D68F002D97E3 /* FeedController.swift */,
				24F658D12A92D697002D97E3 /* SearchController.swift */,
				24F658D32A92D6A7002D97E3 /* ImageSelectorController.swift */,
				24F658D52A92D6B1002D97E3 /* NotificationsController.swift */,
				24F658D72A92D6BA002D97E3 /* ProfileController.swift */,
				24E955C72AA6DE14001E776A /* UploadPostController.swift */,
			);
			path = Controller;
			sourceTree = "<group>";
		};
		24F658CA2A92CE21002D97E3 /* ViewModel */ = {
			isa = PBXGroup;
			children = (
				248CA09E2A9A6074007D543A /* AuthenticationViewModel.swift */,
				24E955B82AA4F264001E776A /* ProfileHeaderViewModel.swift */,
				24E955BF2AA65B45001E776A /* UserCellViewModel.swift */,
				2455017D2AA841EE0089A1D4 /* PostViewModel.swift */,
			);
			path = ViewModel;
			sourceTree = "<group>";
		};
		24F658CB2A92CE24002D97E3 /* View */ = {
			isa = PBXGroup;
			children = (
				24E955B12AA379E5001E776A /* Profile */,
				24F658D92A92E008002D97E3 /* FeedCell.swift */,
				24D82BF12A948F5000A2A2CB /* CustomTextField.swift */,
				24E955BD2AA645B4001E776A /* UserCell.swift */,
			);
			path = View;
			sourceTree = "<group>";
		};
		24F658CC2A92CE25002D97E3 /* Model */ = {
			isa = PBXGroup;
			children = (
				24E955B62AA4F038001E776A /* User.swift */,
				2455017B2AA83BEB0089A1D4 /* Post.swift */,
			);
			path = Model;
			sourceTree = "<group>";
		};
/* End PBXGroup section */

/* Begin PBXNativeTarget section */
		24F658AB2A92CDB7002D97E3 /* InstagramFirestoreTutorial */ = {
			isa = PBXNativeTarget;
			buildConfigurationList = 24F658C02A92CDB8002D97E3 /* Build configuration list for PBXNativeTarget "InstagramFirestoreTutorial" */;
			buildPhases = (
				24F658A82A92CDB7002D97E3 /* Sources */,
				24F658A92A92CDB7002D97E3 /* Frameworks */,
				24F658AA2A92CDB7002D97E3 /* Resources */,
			);
			buildRules = (
			);
			dependencies = (
			);
			name = InstagramFirestoreTutorial;
			packageProductDependencies = (
				244E5E202AA07C670022DD79 /* FirebaseAuth */,
				244E5E222AA07C670022DD79 /* FirebaseDatabase */,
				244E5E242AA07C670022DD79 /* FirebaseFirestore */,
				244E5E262AA07C670022DD79 /* FirebaseStorage */,
				24E955BB2AA4F849001E776A /* SDWebImage */,
				24E955C52AA6CC97001E776A /* YPImagePicker */,
				245501792AA839FF0089A1D4 /* JGProgressHUD */,
			);
			productName = InstagramFirestoreTutorial;
			productReference = 24F658AC2A92CDB7002D97E3 /* InstagramFirestoreTutorial.app */;
			productType = "com.apple.product-type.application";
		};
/* End PBXNativeTarget section */

/* Begin PBXProject section */
		24F658A42A92CDB7002D97E3 /* Project object */ = {
			isa = PBXProject;
			attributes = {
				BuildIndependentTargetsInParallel = 1;
				LastSwiftUpdateCheck = 1410;
				LastUpgradeCheck = 1410;
				TargetAttributes = {
					24F658AB2A92CDB7002D97E3 = {
						CreatedOnToolsVersion = 14.1;
					};
				};
			};
			buildConfigurationList = 24F658A72A92CDB7002D97E3 /* Build configuration list for PBXProject "InstagramFirestoreTutorial" */;
			compatibilityVersion = "Xcode 14.0";
			developmentRegion = en;
			hasScannedForEncodings = 0;
			knownRegions = (
				en,
				Base,
			);
			mainGroup = 24F658A32A92CDB7002D97E3;
			packageReferences = (
				244E5E1F2AA07C670022DD79 /* XCRemoteSwiftPackageReference "firebase-ios-sdk" */,
				24E955BA2AA4F849001E776A /* XCRemoteSwiftPackageReference "SDWebImage" */,
				24E955C42AA6CC97001E776A /* XCRemoteSwiftPackageReference "YPImagePicker" */,
				245501782AA839FF0089A1D4 /* XCRemoteSwiftPackageReference "JGProgressHUD" */,
			);
			productRefGroup = 24F658AD2A92CDB7002D97E3 /* Products */;
			projectDirPath = "";
			projectRoot = "";
			targets = (
				24F658AB2A92CDB7002D97E3 /* InstagramFirestoreTutorial */,
			);
		};
/* End PBXProject section */

/* Begin PBXResourcesBuildPhase section */
		24F658AA2A92CDB7002D97E3 /* Resources */ = {
			isa = PBXResourcesBuildPhase;
			buildActionMask = 2147483647;
			files = (
				24F658BC2A92CDB8002D97E3 /* LaunchScreen.storyboard in Resources */,
				248CA0A12A9DB8F1007D543A /* GoogleService-Info.plist in Resources */,
				24F658B92A92CDB8002D97E3 /* Assets.xcassets in Resources */,
				24F658B72A92CDB7002D97E3 /* Main.storyboard in Resources */,
			);
			runOnlyForDeploymentPostprocessing = 0;
		};
/* End PBXResourcesBuildPhase section */

/* Begin PBXSourcesBuildPhase section */
		24F658A82A92CDB7002D97E3 /* Sources */ = {
			isa = PBXSourcesBuildPhase;
			buildActionMask = 2147483647;
			files = (
				2455017E2AA841EE0089A1D4 /* PostViewModel.swift in Sources */,
				24D82BF22A948F5000A2A2CB /* CustomTextField.swift in Sources */,
				24E955B02AA379D1001E776A /* ProfileHeader.swift in Sources */,
				24E955C82AA6DE14001E776A /* UploadPostController.swift in Sources */,
				24F658B42A92CDB7002D97E3 /* ViewController.swift in Sources */,
				24D82BEE2A948A0300A2A2CB /* LoginController.swift in Sources */,
				24F658DA2A92E008002D97E3 /* FeedCell.swift in Sources */,
				24F658D42A92D6A7002D97E3 /* ImageSelectorController.swift in Sources */,
				24F658D62A92D6B1002D97E3 /* NotificationsController.swift in Sources */,
				248CA09F2A9A6074007D543A /* AuthenticationViewModel.swift in Sources */,
				24E955BE2AA645B4001E776A /* UserCell.swift in Sources */,
				24F658D22A92D697002D97E3 /* SearchController.swift in Sources */,
				24F658B02A92CDB7002D97E3 /* AppDelegate.swift in Sources */,
				24E955B72AA4F038001E776A /* User.swift in Sources */,
				24F658D82A92D6BA002D97E3 /* ProfileController.swift in Sources */,
				24E955B92AA4F264001E776A /* ProfileHeaderViewModel.swift in Sources */,
				24E955CA2AA6E06E001E776A /* InputTextView.swift in Sources */,
				24E955B52AA4EECD001E776A /* Constants.swift in Sources */,
				24F658D02A92D68F002D97E3 /* FeedController.swift in Sources */,
				24E955C02AA65B45001E776A /* UserCellViewModel.swift in Sources */,
				24F658CE2A92CEE0002D97E3 /* MainTabController.swift in Sources */,
				24F658DC2A92E0BD002D97E3 /* Extensions.swift in Sources */,
				248CA0A82A9DBECC007D543A /* ImageUploader.swift in Sources */,
				2455017C2AA83BEB0089A1D4 /* Post.swift in Sources */,
				248CA0AA2A9DBED4007D543A /* AuthService.swift in Sources */,
				245501772AA836010089A1D4 /* PostService.swift in Sources */,
				24E955B32AA4EEA9001E776A /* UserService.swift in Sources */,
				24E955AE2AA379C5001E776A /* ProfileCell.swift in Sources */,
				24F658B22A92CDB7002D97E3 /* SceneDelegate.swift in Sources */,
				24D82BF02A948A0D00A2A2CB /* RegistrationController.swift in Sources */,
			);
			runOnlyForDeploymentPostprocessing = 0;
		};
/* End PBXSourcesBuildPhase section */

/* Begin PBXVariantGroup section */
		24F658B52A92CDB7002D97E3 /* Main.storyboard */ = {
			isa = PBXVariantGroup;
			children = (
				24F658B62A92CDB7002D97E3 /* Base */,
			);
			name = Main.storyboard;
			sourceTree = "<group>";
		};
		24F658BA2A92CDB8002D97E3 /* LaunchScreen.storyboard */ = {
			isa = PBXVariantGroup;
			children = (
				24F658BB2A92CDB8002D97E3 /* Base */,
			);
			name = LaunchScreen.storyboard;
			sourceTree = "<group>";
		};
/* End PBXVariantGroup section */

/* Begin XCBuildConfiguration section */
		24F658BE2A92CDB8002D97E3 /* Debug */ = {
			isa = XCBuildConfiguration;
			buildSettings = {
				ALWAYS_SEARCH_USER_PATHS = NO;
				CLANG_ANALYZER_NONNULL = YES;
				CLANG_ANALYZER_NUMBER_OBJECT_CONVERSION = YES_AGGRESSIVE;
				CLANG_CXX_LANGUAGE_STANDARD = "gnu++20";
				CLANG_ENABLE_MODULES = YES;
				CLANG_ENABLE_OBJC_ARC = YES;
				CLANG_ENABLE_OBJC_WEAK = YES;
				CLANG_WARN_BLOCK_CAPTURE_AUTORELEASING = YES;
				CLANG_WARN_BOOL_CONVERSION = YES;
				CLANG_WARN_COMMA = YES;
				CLANG_WARN_CONSTANT_CONVERSION = YES;
				CLANG_WARN_DEPRECATED_OBJC_IMPLEMENTATIONS = YES;
				CLANG_WARN_DIRECT_OBJC_ISA_USAGE = YES_ERROR;
				CLANG_WARN_DOCUMENTATION_COMMENTS = YES;
				CLANG_WARN_EMPTY_BODY = YES;
				CLANG_WARN_ENUM_CONVERSION = YES;
				CLANG_WARN_INFINITE_RECURSION = YES;
				CLANG_WARN_INT_CONVERSION = YES;
				CLANG_WARN_NON_LITERAL_NULL_CONVERSION = YES;
				CLANG_WARN_OBJC_IMPLICIT_RETAIN_SELF = YES;
				CLANG_WARN_OBJC_LITERAL_CONVERSION = YES;
				CLANG_WARN_OBJC_ROOT_CLASS = YES_ERROR;
				CLANG_WARN_QUOTED_INCLUDE_IN_FRAMEWORK_HEADER = YES;
				CLANG_WARN_RANGE_LOOP_ANALYSIS = YES;
				CLANG_WARN_STRICT_PROTOTYPES = YES;
				CLANG_WARN_SUSPICIOUS_MOVE = YES;
				CLANG_WARN_UNGUARDED_AVAILABILITY = YES_AGGRESSIVE;
				CLANG_WARN_UNREACHABLE_CODE = YES;
				CLANG_WARN__DUPLICATE_METHOD_MATCH = YES;
				COPY_PHASE_STRIP = NO;
				DEBUG_INFORMATION_FORMAT = dwarf;
				ENABLE_STRICT_OBJC_MSGSEND = YES;
				ENABLE_TESTABILITY = YES;
				GCC_C_LANGUAGE_STANDARD = gnu11;
				GCC_DYNAMIC_NO_PIC = NO;
				GCC_NO_COMMON_BLOCKS = YES;
				GCC_OPTIMIZATION_LEVEL = 0;
				GCC_PREPROCESSOR_DEFINITIONS = (
					"DEBUG=1",
					"$(inherited)",
				);
				GCC_WARN_64_TO_32_BIT_CONVERSION = YES;
				GCC_WARN_ABOUT_RETURN_TYPE = YES_ERROR;
				GCC_WARN_UNDECLARED_SELECTOR = YES;
				GCC_WARN_UNINITIALIZED_AUTOS = YES_AGGRESSIVE;
				GCC_WARN_UNUSED_FUNCTION = YES;
				GCC_WARN_UNUSED_VARIABLE = YES;
				IPHONEOS_DEPLOYMENT_TARGET = 16.1;
				MTL_ENABLE_DEBUG_INFO = INCLUDE_SOURCE;
				MTL_FAST_MATH = YES;
				ONLY_ACTIVE_ARCH = YES;
				SDKROOT = iphoneos;
				SWIFT_ACTIVE_COMPILATION_CONDITIONS = DEBUG;
				SWIFT_OPTIMIZATION_LEVEL = "-Onone";
			};
			name = Debug;
		};
		24F658BF2A92CDB8002D97E3 /* Release */ = {
			isa = XCBuildConfiguration;
			buildSettings = {
				ALWAYS_SEARCH_USER_PATHS = NO;
				CLANG_ANALYZER_NONNULL = YES;
				CLANG_ANALYZER_NUMBER_OBJECT_CONVERSION = YES_AGGRESSIVE;
				CLANG_CXX_LANGUAGE_STANDARD = "gnu++20";
				CLANG_ENABLE_MODULES = YES;
				CLANG_ENABLE_OBJC_ARC = YES;
				CLANG_ENABLE_OBJC_WEAK = YES;
				CLANG_WARN_BLOCK_CAPTURE_AUTORELEASING = YES;
				CLANG_WARN_BOOL_CONVERSION = YES;
				CLANG_WARN_COMMA = YES;
				CLANG_WARN_CONSTANT_CONVERSION = YES;
				CLANG_WARN_DEPRECATED_OBJC_IMPLEMENTATIONS = YES;
				CLANG_WARN_DIRECT_OBJC_ISA_USAGE = YES_ERROR;
				CLANG_WARN_DOCUMENTATION_COMMENTS = YES;
				CLANG_WARN_EMPTY_BODY = YES;
				CLANG_WARN_ENUM_CONVERSION = YES;
				CLANG_WARN_INFINITE_RECURSION = YES;
				CLANG_WARN_INT_CONVERSION = YES;
				CLANG_WARN_NON_LITERAL_NULL_CONVERSION = YES;
				CLANG_WARN_OBJC_IMPLICIT_RETAIN_SELF = YES;
				CLANG_WARN_OBJC_LITERAL_CONVERSION = YES;
				CLANG_WARN_OBJC_ROOT_CLASS = YES_ERROR;
				CLANG_WARN_QUOTED_INCLUDE_IN_FRAMEWORK_HEADER = YES;
				CLANG_WARN_RANGE_LOOP_ANALYSIS = YES;
				CLANG_WARN_STRICT_PROTOTYPES = YES;
				CLANG_WARN_SUSPICIOUS_MOVE = YES;
				CLANG_WARN_UNGUARDED_AVAILABILITY = YES_AGGRESSIVE;
				CLANG_WARN_UNREACHABLE_CODE = YES;
				CLANG_WARN__DUPLICATE_METHOD_MATCH = YES;
				COPY_PHASE_STRIP = NO;
				DEBUG_INFORMATION_FORMAT = "dwarf-with-dsym";
				ENABLE_NS_ASSERTIONS = NO;
				ENABLE_STRICT_OBJC_MSGSEND = YES;
				GCC_C_LANGUAGE_STANDARD = gnu11;
				GCC_NO_COMMON_BLOCKS = YES;
				GCC_WARN_64_TO_32_BIT_CONVERSION = YES;
				GCC_WARN_ABOUT_RETURN_TYPE = YES_ERROR;
				GCC_WARN_UNDECLARED_SELECTOR = YES;
				GCC_WARN_UNINITIALIZED_AUTOS = YES_AGGRESSIVE;
				GCC_WARN_UNUSED_FUNCTION = YES;
				GCC_WARN_UNUSED_VARIABLE = YES;
				IPHONEOS_DEPLOYMENT_TARGET = 16.1;
				MTL_ENABLE_DEBUG_INFO = NO;
				MTL_FAST_MATH = YES;
				SDKROOT = iphoneos;
				SWIFT_COMPILATION_MODE = wholemodule;
				SWIFT_OPTIMIZATION_LEVEL = "-O";
				VALIDATE_PRODUCT = YES;
			};
			name = Release;
		};
		24F658C12A92CDB8002D97E3 /* Debug */ = {
			isa = XCBuildConfiguration;
			buildSettings = {
				ASSETCATALOG_COMPILER_APPICON_NAME = AppIcon;
				ASSETCATALOG_COMPILER_GLOBAL_ACCENT_COLOR_NAME = AccentColor;
				CODE_SIGN_STYLE = Automatic;
				CURRENT_PROJECT_VERSION = 1;
				DEVELOPMENT_TEAM = 279MQXRU6G;
				GENERATE_INFOPLIST_FILE = YES;
				INFOPLIST_FILE = InstagramFirestoreTutorial/Info.plist;
				INFOPLIST_KEY_UIApplicationSupportsIndirectInputEvents = YES;
				INFOPLIST_KEY_UILaunchStoryboardName = LaunchScreen;
				INFOPLIST_KEY_UIMainStoryboardFile = Main;
				INFOPLIST_KEY_UISupportedInterfaceOrientations_iPad = "UIInterfaceOrientationPortrait UIInterfaceOrientationPortraitUpsideDown UIInterfaceOrientationLandscapeLeft UIInterfaceOrientationLandscapeRight";
				INFOPLIST_KEY_UISupportedInterfaceOrientations_iPhone = "UIInterfaceOrientationPortrait UIInterfaceOrientationLandscapeLeft UIInterfaceOrientationLandscapeRight";
				LD_RUNPATH_SEARCH_PATHS = (
					"$(inherited)",
					"@executable_path/Frameworks",
				);
				MARKETING_VERSION = 1.0;
				PRODUCT_BUNDLE_IDENTIFIER = com.shuaiqing.InstagramFirestoreTutorial;
				PRODUCT_NAME = "$(TARGET_NAME)";
				SWIFT_EMIT_LOC_STRINGS = YES;
				SWIFT_VERSION = 5.0;
				TARGETED_DEVICE_FAMILY = "1,2";
			};
			name = Debug;
		};
		24F658C22A92CDB8002D97E3 /* Release */ = {
			isa = XCBuildConfiguration;
			buildSettings = {
				ASSETCATALOG_COMPILER_APPICON_NAME = AppIcon;
				ASSETCATALOG_COMPILER_GLOBAL_ACCENT_COLOR_NAME = AccentColor;
				CODE_SIGN_STYLE = Automatic;
				CURRENT_PROJECT_VERSION = 1;
				DEVELOPMENT_TEAM = 279MQXRU6G;
				GENERATE_INFOPLIST_FILE = YES;
				INFOPLIST_FILE = InstagramFirestoreTutorial/Info.plist;
				INFOPLIST_KEY_UIApplicationSupportsIndirectInputEvents = YES;
				INFOPLIST_KEY_UILaunchStoryboardName = LaunchScreen;
				INFOPLIST_KEY_UIMainStoryboardFile = Main;
				INFOPLIST_KEY_UISupportedInterfaceOrientations_iPad = "UIInterfaceOrientationPortrait UIInterfaceOrientationPortraitUpsideDown UIInterfaceOrientationLandscapeLeft UIInterfaceOrientationLandscapeRight";
				INFOPLIST_KEY_UISupportedInterfaceOrientations_iPhone = "UIInterfaceOrientationPortrait UIInterfaceOrientationLandscapeLeft UIInterfaceOrientationLandscapeRight";
				LD_RUNPATH_SEARCH_PATHS = (
					"$(inherited)",
					"@executable_path/Frameworks",
				);
				MARKETING_VERSION = 1.0;
				PRODUCT_BUNDLE_IDENTIFIER = com.shuaiqing.InstagramFirestoreTutorial;
				PRODUCT_NAME = "$(TARGET_NAME)";
				SWIFT_EMIT_LOC_STRINGS = YES;
				SWIFT_VERSION = 5.0;
				TARGETED_DEVICE_FAMILY = "1,2";
			};
			name = Release;
		};
/* End XCBuildConfiguration section */

/* Begin XCConfigurationList section */
		24F658A72A92CDB7002D97E3 /* Build configuration list for PBXProject "InstagramFirestoreTutorial" */ = {
			isa = XCConfigurationList;
			buildConfigurations = (
				24F658BE2A92CDB8002D97E3 /* Debug */,
				24F658BF2A92CDB8002D97E3 /* Release */,
			);
			defaultConfigurationIsVisible = 0;
			defaultConfigurationName = Release;
		};
		24F658C02A92CDB8002D97E3 /* Build configuration list for PBXNativeTarget "InstagramFirestoreTutorial" */ = {
			isa = XCConfigurationList;
			buildConfigurations = (
				24F658C12A92CDB8002D97E3 /* Debug */,
				24F658C22A92CDB8002D97E3 /* Release */,
			);
			defaultConfigurationIsVisible = 0;
			defaultConfigurationName = Release;
		};
/* End XCConfigurationList section */

/* Begin XCRemoteSwiftPackageReference section */
		244E5E1F2AA07C670022DD79 /* XCRemoteSwiftPackageReference "firebase-ios-sdk" */ = {
			isa = XCRemoteSwiftPackageReference;
			repositoryURL = "https://github.com/firebase/firebase-ios-sdk";
			requirement = {
				branch = master;
				kind = branch;
			};
		};
		245501782AA839FF0089A1D4 /* XCRemoteSwiftPackageReference "JGProgressHUD" */ = {
			isa = XCRemoteSwiftPackageReference;
			repositoryURL = "https://github.com/JonasGessner/JGProgressHUD";
			requirement = {
				kind = upToNextMajorVersion;
				minimumVersion = 2.0.0;
			};
		};
		24E955BA2AA4F849001E776A /* XCRemoteSwiftPackageReference "SDWebImage" */ = {
			isa = XCRemoteSwiftPackageReference;
			repositoryURL = "https://github.com/SDWebImage/SDWebImage.git";
			requirement = {
				kind = upToNextMajorVersion;
				minimumVersion = 5.0.0;
			};
		};
		24E955C42AA6CC97001E776A /* XCRemoteSwiftPackageReference "YPImagePicker" */ = {
			isa = XCRemoteSwiftPackageReference;
			repositoryURL = "https://github.com/Yummypets/YPImagePicker";
			requirement = {
				kind = upToNextMajorVersion;
				minimumVersion = 5.0.0;
			};
		};
/* End XCRemoteSwiftPackageReference section */

/* Begin XCSwiftPackageProductDependency section */
		244E5E202AA07C670022DD79 /* FirebaseAuth */ = {
			isa = XCSwiftPackageProductDependency;
			package = 244E5E1F2AA07C670022DD79 /* XCRemoteSwiftPackageReference "firebase-ios-sdk" */;
			productName = FirebaseAuth;
		};
		244E5E222AA07C670022DD79 /* FirebaseDatabase */ = {
			isa = XCSwiftPackageProductDependency;
			package = 244E5E1F2AA07C670022DD79 /* XCRemoteSwiftPackageReference "firebase-ios-sdk" */;
			productName = FirebaseDatabase;
		};
		244E5E242AA07C670022DD79 /* FirebaseFirestore */ = {
			isa = XCSwiftPackageProductDependency;
			package = 244E5E1F2AA07C670022DD79 /* XCRemoteSwiftPackageReference "firebase-ios-sdk" */;
			productName = FirebaseFirestore;
		};
		244E5E262AA07C670022DD79 /* FirebaseStorage */ = {
			isa = XCSwiftPackageProductDependency;
			package = 244E5E1F2AA07C670022DD79 /* XCRemoteSwiftPackageReference "firebase-ios-sdk" */;
			productName = FirebaseStorage;
		};
		245501792AA839FF0089A1D4 /* JGProgressHUD */ = {
			isa = XCSwiftPackageProductDependency;
			package = 245501782AA839FF0089A1D4 /* XCRemoteSwiftPackageReference "JGProgressHUD" */;
			productName = JGProgressHUD;
		};
		24E955BB2AA4F849001E776A /* SDWebImage */ = {
			isa = XCSwiftPackageProductDependency;
			package = 24E955BA2AA4F849001E776A /* XCRemoteSwiftPackageReference "SDWebImage" */;
			productName = SDWebImage;
		};
		24E955C52AA6CC97001E776A /* YPImagePicker */ = {
			isa = XCSwiftPackageProductDependency;
			package = 24E955C42AA6CC97001E776A /* XCRemoteSwiftPackageReference "YPImagePicker" */;
			productName = YPImagePicker;
		};
/* End XCSwiftPackageProductDependency section */
	};
	rootObject = 24F658A42A92CDB7002D97E3 /* Project object */;
}
